
Microsoft Visual Studio Solution File, Format Version 12.00
# Visual Studio 15
VisualStudioVersion = 15.0.28307.960
MinimumVisualStudioVersion = 10.0.40219.1
Project("{8BC9CEB8-8B4A-11D0-8D11-00A0C91BC942}") = "I2Hook", "I2Hook\I2Hook.vcxproj", "{26842783-1889-4A0B-AE78-3402FF2A53BF}"
EndProject
Global
	GlobalSection(SolutionConfigurationPlatforms) = preSolution
		Debug|x64 = Debug|x64
		Debug|x86 = Debug|x86
		Release|x64 = Release|x64
		Release|x86 = Release|x86
		Release-60|x64 = Release-60|x64
		Release-60|x86 = Release-60|x86
	EndGlobalSection
	GlobalSection(ProjectConfigurationPlatforms) = postSolution
		{26842783-1889-4A0B-AE78-3402FF2A53BF}.Debug|x64.ActiveCfg = Debug|x64
		{26842783-1889-4A0B-AE78-3402FF2A53BF}.Debug|x64.Build.0 = Debug|x64
		{26842783-1889-4A0B-AE78-3402FF2A53BF}.Debug|x86.ActiveCfg = Debug|x64
		{26842783-1889-4A0B-AE78-3402FF2A53BF}.Release|x64.ActiveCfg = Release|x64
		{26842783-1889-4A0B-AE78-3402FF2A53BF}.Release|x64.Build.0 = Release|x64
		{26842783-1889-4A0B-AE78-3402FF2A53BF}.Release|x86.ActiveCfg = Release|x64
		{26842783-1889-4A0B-AE78-3402FF2A53BF}.Release-60|x64.ActiveCfg = Release-60|x64
		{26842783-1889-4A0B-AE78-3402FF2A53BF}.Release-60|x64.Build.0 = Release-60|x64
		{26842783-1889-4A0B-AE78-3402FF2A53BF}.Release-60|x86.ActiveCfg = Release-60|x64
	EndGlobalSection
	GlobalSection(SolutionProperties) = preSolution
		HideSolutionNode = FALSE
	EndGlobalSection
	GlobalSection(ExtensibilityGlobals) = postSolution
		SolutionGuid = {353EFC55-CE10-4959-AF3A-59642D90D57B}
	EndGlobalSection
EndGlobal
